
Microsoft Visual Studio Solution File, Format Version 12.00
# Visual Studio 15
VisualStudioVersion = 15.0.28010.0
MinimumVisualStudioVersion = 10.0.40219.1
Project("{FAE04EC0-301F-11D3-BF4B-00C04F79EFBC}") = "IKVMRocketMQDemo", "IKVMRocketMQDemo\IKVMRocketMQDemo.csproj", "{42DA24F3-5A44-4841-9E00-A8892CF06AF5}"
EndProject
Global
	GlobalSection(SolutionConfigurationPlatforms) = preSolution
		Debug|Any CPU = Debug|Any CPU
		Release|Any CPU = Release|Any CPU
	EndGlobalSection
	GlobalSection(ProjectConfigurationPlatforms) = postSolution
		{42DA24F3-5A44-4841-9E00-A8892CF06AF5}.Debug|Any CPU.ActiveCfg = Debug|Any CPU
		{42DA24F3-5A44-4841-9E00-A8892CF06AF5}.Debug|Any CPU.Build.0 = Debug|Any CPU
		{42DA24F3-5A44-4841-9E00-A8892CF06AF5}.Release|Any CPU.ActiveCfg = Release|Any CPU
		{42DA24F3-5A44-4841-9E00-A8892CF06AF5}.Release|Any CPU.Build.0 = Release|Any CPU
	EndGlobalSection
	GlobalSection(SolutionProperties) = preSolution
		HideSolutionNode = FALSE
	EndGlobalSection
	GlobalSection(ExtensibilityGlobals) = postSolution
		SolutionGuid = {C6CB8F3D-3684-4731-A8EF-F52D1147D3B5}
	EndGlobalSection
EndGlobal
